
Microsoft Visual Studio Solution File, Format Version 12.00
# Visual Studio Version 17
VisualStudioVersion = 17.10.35122.118
MinimumVisualStudioVersion = 10.0.40219.1
Project("{FAE04EC0-301F-11D3-BF4B-00C04F79EFBC}") = "Assignment24", "Assignment24\Assignment24.csproj", "{EE38B0BC-D5E8-4A38-83BC-6E8E67EC4AC8}"
EndProject
Global
	GlobalSection(SolutionConfigurationPlatforms) = preSolution
		Debug|Any CPU = Debug|Any CPU
		Release|Any CPU = Release|Any CPU
	EndGlobalSection
	GlobalSection(ProjectConfigurationPlatforms) = postSolution
		{EE38B0BC-D5E8-4A38-83BC-6E8E67EC4AC8}.Debug|Any CPU.ActiveCfg = Debug|Any CPU
		{EE38B0BC-D5E8-4A38-83BC-6E8E67EC4AC8}.Debug|Any CPU.Build.0 = Debug|Any CPU
		{EE38B0BC-D5E8-4A38-83BC-6E8E67EC4AC8}.Release|Any CPU.ActiveCfg = Release|Any CPU
		{EE38B0BC-D5E8-4A38-83BC-6E8E67EC4AC8}.Release|Any CPU.Build.0 = Release|Any CPU
	EndGlobalSection
	GlobalSection(SolutionProperties) = preSolution
		HideSolutionNode = FALSE
	EndGlobalSection
	GlobalSection(ExtensibilityGlobals) = postSolution
		SolutionGuid = {78419680-C7EB-40B8-8809-CA4E29468734}
	EndGlobalSection
EndGlobal
